
Microsoft Visual Studio Solution File, Format Version 12.00
# Visual Studio Version 16
VisualStudioVersion = 16.0.29324.140
MinimumVisualStudioVersion = 10.0.40219.1
Project("{F184B08F-C81C-45F6-A57F-5ABD9991F28F}") = "FileManipulation_", "FileManipulation_\FileManipulation_.vbproj", "{B89FFE0D-ADDD-4260-95AA-0ECA47F3270A}"
EndProject
Global
	GlobalSection(SolutionConfigurationPlatforms) = preSolution
		Debug|Any CPU = Debug|Any CPU
		Release|Any CPU = Release|Any CPU
	EndGlobalSection
	GlobalSection(ProjectConfigurationPlatforms) = postSolution
		{B89FFE0D-ADDD-4260-95AA-0ECA47F3270A}.Debug|Any CPU.ActiveCfg = Debug|Any CPU
		{B89FFE0D-ADDD-4260-95AA-0ECA47F3270A}.Debug|Any CPU.Build.0 = Debug|Any CPU
		{B89FFE0D-ADDD-4260-95AA-0ECA47F3270A}.Release|Any CPU.ActiveCfg = Release|Any CPU
		{B89FFE0D-ADDD-4260-95AA-0ECA47F3270A}.Release|Any CPU.Build.0 = Release|Any CPU
	EndGlobalSection
	GlobalSection(SolutionProperties) = preSolution
		HideSolutionNode = FALSE
	EndGlobalSection
	GlobalSection(ExtensibilityGlobals) = postSolution
		SolutionGuid = {1FE860B6-8062-4C6E-8B84-5EEAE52B6133}
	EndGlobalSection
EndGlobal
